// !$*UTF8*$!
{
	archiveVersion = 1;
	classes = {
	};
	objectVersion = 46;
	objects = {

/* Begin PBXBuildFile section */
		366A10B0F3A7974F2D46AA4C /* Pods_MTGMatchUITests.framework in Frameworks */ = {isa = PBXBuildFile; fileRef = A1F01F71AA9A6D2AD5FD86DB /* Pods_MTGMatchUITests.framework */; };
		7A5A1923A73DC0C1098FF947 /* Pods_MTGMatchTests.framework in Frameworks */ = {isa = PBXBuildFile; fileRef = C0118443A12E2107276DBEFB /* Pods_MTGMatchTests.framework */; };
		9CF5B8381A711226A41AF9D0 /* Pods_MTGMatch.framework in Frameworks */ = {isa = PBXBuildFile; fileRef = CFF1844275A1C028259B2505 /* Pods_MTGMatch.framework */; };
		D4677D281E0BA0D70015F793 /* MatchCell.swift in Sources */ = {isa = PBXBuildFile; fileRef = D4677D271E0BA0D70015F793 /* MatchCell.swift */; };
		D4FB166A1E0A4A0C0063C0D9 /* AppDelegate.swift in Sources */ = {isa = PBXBuildFile; fileRef = D4FB16691E0A4A0C0063C0D9 /* AppDelegate.swift */; };
		D4FB166F1E0A4A0C0063C0D9 /* Main.storyboard in Resources */ = {isa = PBXBuildFile; fileRef = D4FB166D1E0A4A0C0063C0D9 /* Main.storyboard */; };
		D4FB16711E0A4A0C0063C0D9 /* Assets.xcassets in Resources */ = {isa = PBXBuildFile; fileRef = D4FB16701E0A4A0C0063C0D9 /* Assets.xcassets */; };
		D4FB16741E0A4A0C0063C0D9 /* LaunchScreen.storyboard in Resources */ = {isa = PBXBuildFile; fileRef = D4FB16721E0A4A0C0063C0D9 /* LaunchScreen.storyboard */; };
		D4FB167F1E0A4A0C0063C0D9 /* MTGMatchTests.swift in Sources */ = {isa = PBXBuildFile; fileRef = D4FB167E1E0A4A0C0063C0D9 /* MTGMatchTests.swift */; };
		D4FB168A1E0A4A0C0063C0D9 /* MTGMatchUITests.swift in Sources */ = {isa = PBXBuildFile; fileRef = D4FB16891E0A4A0C0063C0D9 /* MTGMatchUITests.swift */; };
		D4FB16A61E0A4B860063C0D9 /* LogMatchViewModel.swift in Sources */ = {isa = PBXBuildFile; fileRef = D4FB16971E0A4B860063C0D9 /* LogMatchViewModel.swift */; };
		D4FB16A71E0A4B860063C0D9 /* MatchesViewModel.swift in Sources */ = {isa = PBXBuildFile; fileRef = D4FB16981E0A4B860063C0D9 /* MatchesViewModel.swift */; };
		D4FB16A81E0A4B860063C0D9 /* MatchesViewController.swift in Sources */ = {isa = PBXBuildFile; fileRef = D4FB16991E0A4B860063C0D9 /* MatchesViewController.swift */; };
		D4FB16A91E0A4B860063C0D9 /* Game.swift in Sources */ = {isa = PBXBuildFile; fileRef = D4FB169A1E0A4B860063C0D9 /* Game.swift */; };
		D4FB16AA1E0A4B860063C0D9 /* GameView.swift in Sources */ = {isa = PBXBuildFile; fileRef = D4FB169B1E0A4B860063C0D9 /* GameView.swift */; };
		D4FB16AB1E0A4B860063C0D9 /* Match.swift in Sources */ = {isa = PBXBuildFile; fileRef = D4FB169C1E0A4B860063C0D9 /* Match.swift */; };
		D4FB16AC1E0A4B860063C0D9 /* LogMatchViewController.swift in Sources */ = {isa = PBXBuildFile; fileRef = D4FB169D1E0A4B860063C0D9 /* LogMatchViewController.swift */; };
		D4FB16AD1E0A4B860063C0D9 /* Picker.swift in Sources */ = {isa = PBXBuildFile; fileRef = D4FB169E1E0A4B860063C0D9 /* Picker.swift */; };
		D4FB16AE1E0A4B860063C0D9 /* TemplateViewController.swift in Sources */ = {isa = PBXBuildFile; fileRef = D4FB169F1E0A4B860063C0D9 /* TemplateViewController.swift */; };
		D4FB16AF1E0A4B860063C0D9 /* GC.swift in Sources */ = {isa = PBXBuildFile; fileRef = D4FB16A01E0A4B860063C0D9 /* GC.swift */; };
		D4FB16B01E0A4B860063C0D9 /* Text.swift in Sources */ = {isa = PBXBuildFile; fileRef = D4FB16A11E0A4B860063C0D9 /* Text.swift */; };
		D4FB16B11E0A4B860063C0D9 /* Color.swift in Sources */ = {isa = PBXBuildFile; fileRef = D4FB16A21E0A4B860063C0D9 /* Color.swift */; };
		D4FB16B21E0A4B860063C0D9 /* Button.swift in Sources */ = {isa = PBXBuildFile; fileRef = D4FB16A31E0A4B860063C0D9 /* Button.swift */; };
		D4FB16B31E0A4B860063C0D9 /* Drawer.swift in Sources */ = {isa = PBXBuildFile; fileRef = D4FB16A41E0A4B860063C0D9 /* Drawer.swift */; };
		D4FB16B41E0A4B860063C0D9 /* TemplateViewModel.swift in Sources */ = {isa = PBXBuildFile; fileRef = D4FB16A51E0A4B860063C0D9 /* TemplateViewModel.swift */; };
/* End PBXBuildFile section */

/* Begin PBXContainerItemProxy section */
		D4FB167B1E0A4A0C0063C0D9 /* PBXContainerItemProxy */ = {
			isa = PBXContainerItemProxy;
			containerPortal = D4FB165E1E0A4A0B0063C0D9 /* Project object */;
			proxyType = 1;
			remoteGlobalIDString = D4FB16651E0A4A0B0063C0D9;
			remoteInfo = MTGMatch;
		};
		D4FB16861E0A4A0C0063C0D9 /* PBXContainerItemProxy */ = {
			isa = PBXContainerItemProxy;
			containerPortal = D4FB165E1E0A4A0B0063C0D9 /* Project object */;
			proxyType = 1;
			remoteGlobalIDString = D4FB16651E0A4A0B0063C0D9;
			remoteInfo = MTGMatch;
		};
/* End PBXContainerItemProxy section */

/* Begin PBXFileReference section */
		2F92CDEEB594CB8BBFCD34CC /* Pods-MTGMatchTests.release.xcconfig */ = {isa = PBXFileReference; includeInIndex = 1; lastKnownFileType = text.xcconfig; name = "Pods-MTGMatchTests.release.xcconfig"; path = "Pods/Target Support Files/Pods-MTGMatchTests/Pods-MTGMatchTests.release.xcconfig"; sourceTree = "<group>"; };
		5B6ED87710DCD94F60313910 /* Pods-MTGMatchUITests.release.xcconfig */ = {isa = PBXFileReference; includeInIndex = 1; lastKnownFileType = text.xcconfig; name = "Pods-MTGMatchUITests.release.xcconfig"; path = "Pods/Target Support Files/Pods-MTGMatchUITests/Pods-MTGMatchUITests.release.xcconfig"; sourceTree = "<group>"; };
		9707527D699CF0FFEAF3DD35 /* Pods-MTGMatchTests.debug.xcconfig */ = {isa = PBXFileReference; includeInIndex = 1; lastKnownFileType = text.xcconfig; name = "Pods-MTGMatchTests.debug.xcconfig"; path = "Pods/Target Support Files/Pods-MTGMatchTests/Pods-MTGMatchTests.debug.xcconfig"; sourceTree = "<group>"; };
		A1F01F71AA9A6D2AD5FD86DB /* Pods_MTGMatchUITests.framework */ = {isa = PBXFileReference; explicitFileType = wrapper.framework; includeInIndex = 0; path = Pods_MTGMatchUITests.framework; sourceTree = BUILT_PRODUCTS_DIR; };
		C0118443A12E2107276DBEFB /* Pods_MTGMatchTests.framework */ = {isa = PBXFileReference; explicitFileType = wrapper.framework; includeInIndex = 0; path = Pods_MTGMatchTests.framework; sourceTree = BUILT_PRODUCTS_DIR; };
		CFF1844275A1C028259B2505 /* Pods_MTGMatch.framework */ = {isa = PBXFileReference; explicitFileType = wrapper.framework; includeInIndex = 0; path = Pods_MTGMatch.framework; sourceTree = BUILT_PRODUCTS_DIR; };
		D4677D271E0BA0D70015F793 /* MatchCell.swift */ = {isa = PBXFileReference; fileEncoding = 4; lastKnownFileType = sourcecode.swift; path = MatchCell.swift; sourceTree = "<group>"; };
		D4FB16661E0A4A0C0063C0D9 /* MTGMatch.app */ = {isa = PBXFileReference; explicitFileType = wrapper.application; includeInIndex = 0; path = MTGMatch.app; sourceTree = BUILT_PRODUCTS_DIR; };
		D4FB16691E0A4A0C0063C0D9 /* AppDelegate.swift */ = {isa = PBXFileReference; lastKnownFileType = sourcecode.swift; path = AppDelegate.swift; sourceTree = "<group>"; };
		D4FB166E1E0A4A0C0063C0D9 /* Base */ = {isa = PBXFileReference; lastKnownFileType = file.storyboard; name = Base; path = Base.lproj/Main.storyboard; sourceTree = "<group>"; };
		D4FB16701E0A4A0C0063C0D9 /* Assets.xcassets */ = {isa = PBXFileReference; lastKnownFileType = folder.assetcatalog; path = Assets.xcassets; sourceTree = "<group>"; };
		D4FB16731E0A4A0C0063C0D9 /* Base */ = {isa = PBXFileReference; lastKnownFileType = file.storyboard; name = Base; path = Base.lproj/LaunchScreen.storyboard; sourceTree = "<group>"; };
		D4FB16751E0A4A0C0063C0D9 /* Info.plist */ = {isa = PBXFileReference; lastKnownFileType = text.plist.xml; path = Info.plist; sourceTree = "<group>"; };
		D4FB167A1E0A4A0C0063C0D9 /* MTGMatchTests.xctest */ = {isa = PBXFileReference; explicitFileType = wrapper.cfbundle; includeInIndex = 0; path = MTGMatchTests.xctest; sourceTree = BUILT_PRODUCTS_DIR; };
		D4FB167E1E0A4A0C0063C0D9 /* MTGMatchTests.swift */ = {isa = PBXFileReference; lastKnownFileType = sourcecode.swift; path = MTGMatchTests.swift; sourceTree = "<group>"; };
		D4FB16801E0A4A0C0063C0D9 /* Info.plist */ = {isa = PBXFileReference; lastKnownFileType = text.plist.xml; path = Info.plist; sourceTree = "<group>"; };
		D4FB16851E0A4A0C0063C0D9 /* MTGMatchUITests.xctest */ = {isa = PBXFileReference; explicitFileType = wrapper.cfbundle; includeInIndex = 0; path = MTGMatchUITests.xctest; sourceTree = BUILT_PRODUCTS_DIR; };
		D4FB16891E0A4A0C0063C0D9 /* MTGMatchUITests.swift */ = {isa = PBXFileReference; lastKnownFileType = sourcecode.swift; path = MTGMatchUITests.swift; sourceTree = "<group>"; };
		D4FB168B1E0A4A0C0063C0D9 /* Info.plist */ = {isa = PBXFileReference; lastKnownFileType = text.plist.xml; path = Info.plist; sourceTree = "<group>"; };
		D4FB16971E0A4B860063C0D9 /* LogMatchViewModel.swift */ = {isa = PBXFileReference; fileEncoding = 4; lastKnownFileType = sourcecode.swift; path = LogMatchViewModel.swift; sourceTree = "<group>"; };
		D4FB16981E0A4B860063C0D9 /* MatchesViewModel.swift */ = {isa = PBXFileReference; fileEncoding = 4; lastKnownFileType = sourcecode.swift; path = MatchesViewModel.swift; sourceTree = "<group>"; };
		D4FB16991E0A4B860063C0D9 /* MatchesViewController.swift */ = {isa = PBXFileReference; fileEncoding = 4; lastKnownFileType = sourcecode.swift; path = MatchesViewController.swift; sourceTree = "<group>"; };
		D4FB169A1E0A4B860063C0D9 /* Game.swift */ = {isa = PBXFileReference; fileEncoding = 4; lastKnownFileType = sourcecode.swift; path = Game.swift; sourceTree = "<group>"; };
		D4FB169B1E0A4B860063C0D9 /* GameView.swift */ = {isa = PBXFileReference; fileEncoding = 4; lastKnownFileType = sourcecode.swift; path = GameView.swift; sourceTree = "<group>"; };
		D4FB169C1E0A4B860063C0D9 /* Match.swift */ = {isa = PBXFileReference; fileEncoding = 4; lastKnownFileType = sourcecode.swift; path = Match.swift; sourceTree = "<group>"; };
		D4FB169D1E0A4B860063C0D9 /* LogMatchViewController.swift */ = {isa = PBXFileReference; fileEncoding = 4; lastKnownFileType = sourcecode.swift; path = LogMatchViewController.swift; sourceTree = "<group>"; };
		D4FB169E1E0A4B860063C0D9 /* Picker.swift */ = {isa = PBXFileReference; fileEncoding = 4; lastKnownFileType = sourcecode.swift; path = Picker.swift; sourceTree = "<group>"; };
		D4FB169F1E0A4B860063C0D9 /* TemplateViewController.swift */ = {isa = PBXFileReference; fileEncoding = 4; lastKnownFileType = sourcecode.swift; path = TemplateViewController.swift; sourceTree = "<group>"; };
		D4FB16A01E0A4B860063C0D9 /* GC.swift */ = {isa = PBXFileReference; fileEncoding = 4; lastKnownFileType = sourcecode.swift; path = GC.swift; sourceTree = "<group>"; };
		D4FB16A11E0A4B860063C0D9 /* Text.swift */ = {isa = PBXFileReference; fileEncoding = 4; lastKnownFileType = sourcecode.swift; path = Text.swift; sourceTree = "<group>"; };
		D4FB16A21E0A4B860063C0D9 /* Color.swift */ = {isa = PBXFileReference; fileEncoding = 4; lastKnownFileType = sourcecode.swift; path = Color.swift; sourceTree = "<group>"; };
		D4FB16A31E0A4B860063C0D9 /* Button.swift */ = {isa = PBXFileReference; fileEncoding = 4; lastKnownFileType = sourcecode.swift; path = Button.swift; sourceTree = "<group>"; };
		D4FB16A41E0A4B860063C0D9 /* Drawer.swift */ = {isa = PBXFileReference; fileEncoding = 4; lastKnownFileType = sourcecode.swift; path = Drawer.swift; sourceTree = "<group>"; };
		D4FB16A51E0A4B860063C0D9 /* TemplateViewModel.swift */ = {isa = PBXFileReference; fileEncoding = 4; lastKnownFileType = sourcecode.swift; path = TemplateViewModel.swift; sourceTree = "<group>"; };
		EF4B8B4D56F3C82EB09CBD5F /* Pods-MTGMatchUITests.debug.xcconfig */ = {isa = PBXFileReference; includeInIndex = 1; lastKnownFileType = text.xcconfig; name = "Pods-MTGMatchUITests.debug.xcconfig"; path = "Pods/Target Support Files/Pods-MTGMatchUITests/Pods-MTGMatchUITests.debug.xcconfig"; sourceTree = "<group>"; };
		F377E507CB35D802DDC6B2C5 /* Pods-MTGMatch.release.xcconfig */ = {isa = PBXFileReference; includeInIndex = 1; lastKnownFileType = text.xcconfig; name = "Pods-MTGMatch.release.xcconfig"; path = "Pods/Target Support Files/Pods-MTGMatch/Pods-MTGMatch.release.xcconfig"; sourceTree = "<group>"; };
		FC640424703E9C4CB139B039 /* Pods-MTGMatch.debug.xcconfig */ = {isa = PBXFileReference; includeInIndex = 1; lastKnownFileType = text.xcconfig; name = "Pods-MTGMatch.debug.xcconfig"; path = "Pods/Target Support Files/Pods-MTGMatch/Pods-MTGMatch.debug.xcconfig"; sourceTree = "<group>"; };
/* End PBXFileReference section */

/* Begin PBXFrameworksBuildPhase section */
		D4FB16631E0A4A0B0063C0D9 /* Frameworks */ = {
			isa = PBXFrameworksBuildPhase;
			buildActionMask = 2147483647;
			files = (
				9CF5B8381A711226A41AF9D0 /* Pods_MTGMatch.framework in Frameworks */,
			);
			runOnlyForDeploymentPostprocessing = 0;
		};
		D4FB16771E0A4A0C0063C0D9 /* Frameworks */ = {
			isa = PBXFrameworksBuildPhase;
			buildActionMask = 2147483647;
			files = (
				7A5A1923A73DC0C1098FF947 /* Pods_MTGMatchTests.framework in Frameworks */,
			);
			runOnlyForDeploymentPostprocessing = 0;
		};
		D4FB16821E0A4A0C0063C0D9 /* Frameworks */ = {
			isa = PBXFrameworksBuildPhase;
			buildActionMask = 2147483647;
			files = (
				366A10B0F3A7974F2D46AA4C /* Pods_MTGMatchUITests.framework in Frameworks */,
			);
			runOnlyForDeploymentPostprocessing = 0;
		};
/* End PBXFrameworksBuildPhase section */

/* Begin PBXGroup section */
		6D781FF4620688D97F39907E /* Frameworks */ = {
			isa = PBXGroup;
			children = (
				CFF1844275A1C028259B2505 /* Pods_MTGMatch.framework */,
				C0118443A12E2107276DBEFB /* Pods_MTGMatchTests.framework */,
				A1F01F71AA9A6D2AD5FD86DB /* Pods_MTGMatchUITests.framework */,
			);
			name = Frameworks;
			sourceTree = "<group>";
		};
		7E2A679223E4ED617FF3D024 /* Pods */ = {
			isa = PBXGroup;
			children = (
				FC640424703E9C4CB139B039 /* Pods-MTGMatch.debug.xcconfig */,
				F377E507CB35D802DDC6B2C5 /* Pods-MTGMatch.release.xcconfig */,
				9707527D699CF0FFEAF3DD35 /* Pods-MTGMatchTests.debug.xcconfig */,
				2F92CDEEB594CB8BBFCD34CC /* Pods-MTGMatchTests.release.xcconfig */,
				EF4B8B4D56F3C82EB09CBD5F /* Pods-MTGMatchUITests.debug.xcconfig */,
				5B6ED87710DCD94F60313910 /* Pods-MTGMatchUITests.release.xcconfig */,
			);
			name = Pods;
			sourceTree = "<group>";
		};
		D4FB165D1E0A4A0B0063C0D9 = {
			isa = PBXGroup;
			children = (
				D4FB16681E0A4A0C0063C0D9 /* MTGMatch */,
				D4FB167D1E0A4A0C0063C0D9 /* MTGMatchTests */,
				D4FB16881E0A4A0C0063C0D9 /* MTGMatchUITests */,
				D4FB16671E0A4A0C0063C0D9 /* Products */,
				7E2A679223E4ED617FF3D024 /* Pods */,
				6D781FF4620688D97F39907E /* Frameworks */,
			);
			sourceTree = "<group>";
		};
		D4FB16671E0A4A0C0063C0D9 /* Products */ = {
			isa = PBXGroup;
			children = (
				D4FB16661E0A4A0C0063C0D9 /* MTGMatch.app */,
				D4FB167A1E0A4A0C0063C0D9 /* MTGMatchTests.xctest */,
				D4FB16851E0A4A0C0063C0D9 /* MTGMatchUITests.xctest */,
			);
			name = Products;
			sourceTree = "<group>";
		};
		D4FB16681E0A4A0C0063C0D9 /* MTGMatch */ = {
			isa = PBXGroup;
			children = (
				D4FB16B91E0A4BE50063C0D9 /* Helper */,
				D4FB16B71E0A4BD10063C0D9 /* Element */,
				D4FB16B51E0A4B980063C0D9 /* ViewModel */,
				D4FB16B61E0A4B9F0063C0D9 /* ViewController */,
				D4FB16691E0A4A0C0063C0D9 /* AppDelegate.swift */,
				D4FB166D1E0A4A0C0063C0D9 /* Main.storyboard */,
				D4FB16701E0A4A0C0063C0D9 /* Assets.xcassets */,
				D4FB16721E0A4A0C0063C0D9 /* LaunchScreen.storyboard */,
				D4FB16751E0A4A0C0063C0D9 /* Info.plist */,
			);
			path = MTGMatch;
			sourceTree = "<group>";
		};
		D4FB167D1E0A4A0C0063C0D9 /* MTGMatchTests */ = {
			isa = PBXGroup;
			children = (
				D4FB167E1E0A4A0C0063C0D9 /* MTGMatchTests.swift */,
				D4FB16801E0A4A0C0063C0D9 /* Info.plist */,
			);
			path = MTGMatchTests;
			sourceTree = "<group>";
		};
		D4FB16881E0A4A0C0063C0D9 /* MTGMatchUITests */ = {
			isa = PBXGroup;
			children = (
				D4FB16891E0A4A0C0063C0D9 /* MTGMatchUITests.swift */,
				D4FB168B1E0A4A0C0063C0D9 /* Info.plist */,
			);
			path = MTGMatchUITests;
			sourceTree = "<group>";
		};
		D4FB16B51E0A4B980063C0D9 /* ViewModel */ = {
			isa = PBXGroup;
			children = (
				D4FB16971E0A4B860063C0D9 /* LogMatchViewModel.swift */,
				D4FB16981E0A4B860063C0D9 /* MatchesViewModel.swift */,
				D4FB16A51E0A4B860063C0D9 /* TemplateViewModel.swift */,
			);
			name = ViewModel;
			sourceTree = "<group>";
		};
		D4FB16B61E0A4B9F0063C0D9 /* ViewController */ = {
			isa = PBXGroup;
			children = (
				D4FB169D1E0A4B860063C0D9 /* LogMatchViewController.swift */,
				D4FB16991E0A4B860063C0D9 /* MatchesViewController.swift */,
				D4FB169F1E0A4B860063C0D9 /* TemplateViewController.swift */,
			);
			name = ViewController;
			sourceTree = "<group>";
		};
		D4FB16B71E0A4BD10063C0D9 /* Element */ = {
			isa = PBXGroup;
			children = (
				D4FB169A1E0A4B860063C0D9 /* Game.swift */,
				D4FB169C1E0A4B860063C0D9 /* Match.swift */,
				D4FB16B81E0A4BDD0063C0D9 /* UI */,
			);
			name = Element;
			sourceTree = "<group>";
		};
		D4FB16B81E0A4BDD0063C0D9 /* UI */ = {
			isa = PBXGroup;
			children = (
				D4FB16A31E0A4B860063C0D9 /* Button.swift */,
				D4FB169E1E0A4B860063C0D9 /* Picker.swift */,
				D4FB169B1E0A4B860063C0D9 /* GameView.swift */,
				D4FB16A41E0A4B860063C0D9 /* Drawer.swift */,
				D4677D271E0BA0D70015F793 /* MatchCell.swift */,
			);
			name = UI;
			sourceTree = "<group>";
		};
		D4FB16B91E0A4BE50063C0D9 /* Helper */ = {
			isa = PBXGroup;
			children = (
				D4FB16A01E0A4B860063C0D9 /* GC.swift */,
				D4FB16A11E0A4B860063C0D9 /* Text.swift */,
				D4FB16A21E0A4B860063C0D9 /* Color.swift */,
			);
			name = Helper;
			sourceTree = "<group>";
		};
/* End PBXGroup section */

/* Begin PBXNativeTarget section */
		D4FB16651E0A4A0B0063C0D9 /* MTGMatch */ = {
			isa = PBXNativeTarget;
			buildConfigurationList = D4FB168E1E0A4A0C0063C0D9 /* Build configuration list for PBXNativeTarget "MTGMatch" */;
			buildPhases = (
				BA34A03C27342E3A17A657B6 /* [CP] Check Pods Manifest.lock */,
				D4FB16621E0A4A0B0063C0D9 /* Sources */,
				D4FB16631E0A4A0B0063C0D9 /* Frameworks */,
				D4FB16641E0A4A0B0063C0D9 /* Resources */,
				568F63FEE1C7E000F1702FC0 /* [CP] Embed Pods Frameworks */,
				927465F50A99FAF4FA47DE61 /* [CP] Copy Pods Resources */,
			);
			buildRules = (
			);
			dependencies = (
			);
			name = MTGMatch;
			productName = MTGMatch;
			productReference = D4FB16661E0A4A0C0063C0D9 /* MTGMatch.app */;
			productType = "com.apple.product-type.application";
		};
		D4FB16791E0A4A0C0063C0D9 /* MTGMatchTests */ = {
			isa = PBXNativeTarget;
			buildConfigurationList = D4FB16911E0A4A0C0063C0D9 /* Build configuration list for PBXNativeTarget "MTGMatchTests" */;
			buildPhases = (
				F40FD466FAE6A387F0FE3B6A /* [CP] Check Pods Manifest.lock */,
				D4FB16761E0A4A0C0063C0D9 /* Sources */,
				D4FB16771E0A4A0C0063C0D9 /* Frameworks */,
				D4FB16781E0A4A0C0063C0D9 /* Resources */,
				09365568BC6348377FEF53DA /* [CP] Embed Pods Frameworks */,
				2FE710E98A6F9787CDEB3096 /* [CP] Copy Pods Resources */,
			);
			buildRules = (
			);
			dependencies = (
				D4FB167C1E0A4A0C0063C0D9 /* PBXTargetDependency */,
			);
			name = MTGMatchTests;
			productName = MTGMatchTests;
			productReference = D4FB167A1E0A4A0C0063C0D9 /* MTGMatchTests.xctest */;
			productType = "com.apple.product-type.bundle.unit-test";
		};
		D4FB16841E0A4A0C0063C0D9 /* MTGMatchUITests */ = {
			isa = PBXNativeTarget;
			buildConfigurationList = D4FB16941E0A4A0C0063C0D9 /* Build configuration list for PBXNativeTarget "MTGMatchUITests" */;
			buildPhases = (
				603654B0FCBD76BE13B23D92 /* [CP] Check Pods Manifest.lock */,
				D4FB16811E0A4A0C0063C0D9 /* Sources */,
				D4FB16821E0A4A0C0063C0D9 /* Frameworks */,
				D4FB16831E0A4A0C0063C0D9 /* Resources */,
				2FD30CD7B98A10B4EFB0526B /* [CP] Embed Pods Frameworks */,
				DFB508FAE1CF284FE501E350 /* [CP] Copy Pods Resources */,
			);
			buildRules = (
			);
			dependencies = (
				D4FB16871E0A4A0C0063C0D9 /* PBXTargetDependency */,
			);
			name = MTGMatchUITests;
			productName = MTGMatchUITests;
			productReference = D4FB16851E0A4A0C0063C0D9 /* MTGMatchUITests.xctest */;
			productType = "com.apple.product-type.bundle.ui-testing";
		};
/* End PBXNativeTarget section */

/* Begin PBXProject section */
		D4FB165E1E0A4A0B0063C0D9 /* Project object */ = {
			isa = PBXProject;
			attributes = {
				LastSwiftUpdateCheck = 0820;
				LastUpgradeCheck = 0820;
				ORGANIZATIONNAME = blensink;
				TargetAttributes = {
					D4FB16651E0A4A0B0063C0D9 = {
						CreatedOnToolsVersion = 8.2;
						DevelopmentTeam = 6CXWGDP7G9;
						ProvisioningStyle = Automatic;
					};
					D4FB16791E0A4A0C0063C0D9 = {
						CreatedOnToolsVersion = 8.2;
						DevelopmentTeam = 6CXWGDP7G9;
						ProvisioningStyle = Automatic;
						TestTargetID = D4FB16651E0A4A0B0063C0D9;
					};
					D4FB16841E0A4A0C0063C0D9 = {
						CreatedOnToolsVersion = 8.2;
						DevelopmentTeam = 6CXWGDP7G9;
						ProvisioningStyle = Automatic;
						TestTargetID = D4FB16651E0A4A0B0063C0D9;
					};
				};
			};
			buildConfigurationList = D4FB16611E0A4A0B0063C0D9 /* Build configuration list for PBXProject "MTGMatch" */;
			compatibilityVersion = "Xcode 3.2";
			developmentRegion = English;
			hasScannedForEncodings = 0;
			knownRegions = (
				en,
				Base,
			);
			mainGroup = D4FB165D1E0A4A0B0063C0D9;
			productRefGroup = D4FB16671E0A4A0C0063C0D9 /* Products */;
			projectDirPath = "";
			projectRoot = "";
			targets = (
				D4FB16651E0A4A0B0063C0D9 /* MTGMatch */,
				D4FB16791E0A4A0C0063C0D9 /* MTGMatchTests */,
				D4FB16841E0A4A0C0063C0D9 /* MTGMatchUITests */,
			);
		};
/* End PBXProject section */

/* Begin PBXResourcesBuildPhase section */
		D4FB16641E0A4A0B0063C0D9 /* Resources */ = {
			isa = PBXResourcesBuildPhase;
			buildActionMask = 2147483647;
			files = (
				D4FB16741E0A4A0C0063C0D9 /* LaunchScreen.storyboard in Resources */,
				D4FB16711E0A4A0C0063C0D9 /* Assets.xcassets in Resources */,
				D4FB166F1E0A4A0C0063C0D9 /* Main.storyboard in Resources */,
			);
			runOnlyForDeploymentPostprocessing = 0;
		};
		D4FB16781E0A4A0C0063C0D9 /* Resources */ = {
			isa = PBXResourcesBuildPhase;
			buildActionMask = 2147483647;
			files = (
			);
			runOnlyForDeploymentPostprocessing = 0;
		};
		D4FB16831E0A4A0C0063C0D9 /* Resources */ = {
			isa = PBXResourcesBuildPhase;
			buildActionMask = 2147483647;
			files = (
			);
			runOnlyForDeploymentPostprocessing = 0;
		};
/* End PBXResourcesBuildPhase section */

/* Begin PBXShellScriptBuildPhase section */
		09365568BC6348377FEF53DA /* [CP] Embed Pods Frameworks */ = {
			isa = PBXShellScriptBuildPhase;
			buildActionMask = 2147483647;
			files = (
			);
			inputPaths = (
			);
			name = "[CP] Embed Pods Frameworks";
			outputPaths = (
			);
			runOnlyForDeploymentPostprocessing = 0;
			shellPath = /bin/sh;
			shellScript = "\"${SRCROOT}/Pods/Target Support Files/Pods-MTGMatchTests/Pods-MTGMatchTests-frameworks.sh\"\n";
			showEnvVarsInLog = 0;
		};
		2FD30CD7B98A10B4EFB0526B /* [CP] Embed Pods Frameworks */ = {
			isa = PBXShellScriptBuildPhase;
			buildActionMask = 2147483647;
			files = (
			);
			inputPaths = (
			);
			name = "[CP] Embed Pods Frameworks";
			outputPaths = (
			);
			runOnlyForDeploymentPostprocessing = 0;
			shellPath = /bin/sh;
			shellScript = "\"${SRCROOT}/Pods/Target Support Files/Pods-MTGMatchUITests/Pods-MTGMatchUITests-frameworks.sh\"\n";
			showEnvVarsInLog = 0;
		};
		2FE710E98A6F9787CDEB3096 /* [CP] Copy Pods Resources */ = {
			isa = PBXShellScriptBuildPhase;
			buildActionMask = 2147483647;
			files = (
			);
			inputPaths = (
			);
			name = "[CP] Copy Pods Resources";
			outputPaths = (
			);
			runOnlyForDeploymentPostprocessing = 0;
			shellPath = /bin/sh;
			shellScript = "\"${SRCROOT}/Pods/Target Support Files/Pods-MTGMatchTests/Pods-MTGMatchTests-resources.sh\"\n";
			showEnvVarsInLog = 0;
		};
		568F63FEE1C7E000F1702FC0 /* [CP] Embed Pods Frameworks */ = {
			isa = PBXShellScriptBuildPhase;
			buildActionMask = 2147483647;
			files = (
			);
			inputPaths = (
			);
			name = "[CP] Embed Pods Frameworks";
			outputPaths = (
			);
			runOnlyForDeploymentPostprocessing = 0;
			shellPath = /bin/sh;
			shellScript = "\"${SRCROOT}/Pods/Target Support Files/Pods-MTGMatch/Pods-MTGMatch-frameworks.sh\"\n";
			showEnvVarsInLog = 0;
		};
		603654B0FCBD76BE13B23D92 /* [CP] Check Pods Manifest.lock */ = {
			isa = PBXShellScriptBuildPhase;
			buildActionMask = 2147483647;
			files = (
			);
			inputPaths = (
			);
			name = "[CP] Check Pods Manifest.lock";
			outputPaths = (
			);
			runOnlyForDeploymentPostprocessing = 0;
			shellPath = /bin/sh;
			shellScript = "diff \"${PODS_ROOT}/../Podfile.lock\" \"${PODS_ROOT}/Manifest.lock\" > /dev/null\nif [ $? != 0 ] ; then\n    # print error to STDERR\n    echo \"error: The sandbox is not in sync with the Podfile.lock. Run 'pod install' or update your CocoaPods installation.\" >&2\n    exit 1\nfi\n";
			showEnvVarsInLog = 0;
		};
		927465F50A99FAF4FA47DE61 /* [CP] Copy Pods Resources */ = {
			isa = PBXShellScriptBuildPhase;
			buildActionMask = 2147483647;
			files = (
			);
			inputPaths = (
			);
			name = "[CP] Copy Pods Resources";
			outputPaths = (
			);
			runOnlyForDeploymentPostprocessing = 0;
			shellPath = /bin/sh;
			shellScript = "\"${SRCROOT}/Pods/Target Support Files/Pods-MTGMatch/Pods-MTGMatch-resources.sh\"\n";
			showEnvVarsInLog = 0;
		};
		BA34A03C27342E3A17A657B6 /* [CP] Check Pods Manifest.lock */ = {
			isa = PBXShellScriptBuildPhase;
			buildActionMask = 2147483647;
			files = (
			);
			inputPaths = (
			);
			name = "[CP] Check Pods Manifest.lock";
			outputPaths = (
			);
			runOnlyForDeploymentPostprocessing = 0;
			shellPath = /bin/sh;
			shellScript = "diff \"${PODS_ROOT}/../Podfile.lock\" \"${PODS_ROOT}/Manifest.lock\" > /dev/null\nif [ $? != 0 ] ; then\n    # print error to STDERR\n    echo \"error: The sandbox is not in sync with the Podfile.lock. Run 'pod install' or update your CocoaPods installation.\" >&2\n    exit 1\nfi\n";
			showEnvVarsInLog = 0;
		};
		DFB508FAE1CF284FE501E350 /* [CP] Copy Pods Resources */ = {
			isa = PBXShellScriptBuildPhase;
			buildActionMask = 2147483647;
			files = (
			);
			inputPaths = (
			);
			name = "[CP] Copy Pods Resources";
			outputPaths = (
			);
			runOnlyForDeploymentPostprocessing = 0;
			shellPath = /bin/sh;
			shellScript = "\"${SRCROOT}/Pods/Target Support Files/Pods-MTGMatchUITests/Pods-MTGMatchUITests-resources.sh\"\n";
			showEnvVarsInLog = 0;
		};
		F40FD466FAE6A387F0FE3B6A /* [CP] Check Pods Manifest.lock */ = {
			isa = PBXShellScriptBuildPhase;
			buildActionMask = 2147483647;
			files = (
			);
			inputPaths = (
			);
			name = "[CP] Check Pods Manifest.lock";
			outputPaths = (
			);
			runOnlyForDeploymentPostprocessing = 0;
			shellPath = /bin/sh;
			shellScript = "diff \"${PODS_ROOT}/../Podfile.lock\" \"${PODS_ROOT}/Manifest.lock\" > /dev/null\nif [ $? != 0 ] ; then\n    # print error to STDERR\n    echo \"error: The sandbox is not in sync with the Podfile.lock. Run 'pod install' or update your CocoaPods installation.\" >&2\n    exit 1\nfi\n";
			showEnvVarsInLog = 0;
		};
/* End PBXShellScriptBuildPhase section */

/* Begin PBXSourcesBuildPhase section */
		D4FB16621E0A4A0B0063C0D9 /* Sources */ = {
			isa = PBXSourcesBuildPhase;
			buildActionMask = 2147483647;
			files = (
				D4FB16A71E0A4B860063C0D9 /* MatchesViewModel.swift in Sources */,
				D4FB16A91E0A4B860063C0D9 /* Game.swift in Sources */,
				D4FB166A1E0A4A0C0063C0D9 /* AppDelegate.swift in Sources */,
				D4FB16A81E0A4B860063C0D9 /* MatchesViewController.swift in Sources */,
				D4FB16B11E0A4B860063C0D9 /* Color.swift in Sources */,
				D4FB16AA1E0A4B860063C0D9 /* GameView.swift in Sources */,
				D4FB16AF1E0A4B860063C0D9 /* GC.swift in Sources */,
				D4FB16B21E0A4B860063C0D9 /* Button.swift in Sources */,
				D4FB16AC1E0A4B860063C0D9 /* LogMatchViewController.swift in Sources */,
				D4FB16AE1E0A4B860063C0D9 /* TemplateViewController.swift in Sources */,
				D4FB16B41E0A4B860063C0D9 /* TemplateViewModel.swift in Sources */,
				D4FB16B31E0A4B860063C0D9 /* Drawer.swift in Sources */,
				D4FB16A61E0A4B860063C0D9 /* LogMatchViewModel.swift in Sources */,
				D4677D281E0BA0D70015F793 /* MatchCell.swift in Sources */,
				D4FB16AD1E0A4B860063C0D9 /* Picker.swift in Sources */,
				D4FB16B01E0A4B860063C0D9 /* Text.swift in Sources */,
				D4FB16AB1E0A4B860063C0D9 /* Match.swift in Sources */,
			);
			runOnlyForDeploymentPostprocessing = 0;
		};
		D4FB16761E0A4A0C0063C0D9 /* Sources */ = {
			isa = PBXSourcesBuildPhase;
			buildActionMask = 2147483647;
			files = (
				D4FB167F1E0A4A0C0063C0D9 /* MTGMatchTests.swift in Sources */,
			);
			runOnlyForDeploymentPostprocessing = 0;
		};
		D4FB16811E0A4A0C0063C0D9 /* Sources */ = {
			isa = PBXSourcesBuildPhase;
			buildActionMask = 2147483647;
			files = (
				D4FB168A1E0A4A0C0063C0D9 /* MTGMatchUITests.swift in Sources */,
			);
			runOnlyForDeploymentPostprocessing = 0;
		};
/* End PBXSourcesBuildPhase section */

/* Begin PBXTargetDependency section */
		D4FB167C1E0A4A0C0063C0D9 /* PBXTargetDependency */ = {
			isa = PBXTargetDependency;
			target = D4FB16651E0A4A0B0063C0D9 /* MTGMatch */;
			targetProxy = D4FB167B1E0A4A0C0063C0D9 /* PBXContainerItemProxy */;
		};
		D4FB16871E0A4A0C0063C0D9 /* PBXTargetDependency */ = {
			isa = PBXTargetDependency;
			target = D4FB16651E0A4A0B0063C0D9 /* MTGMatch */;
			targetProxy = D4FB16861E0A4A0C0063C0D9 /* PBXContainerItemProxy */;
		};
/* End PBXTargetDependency section */

/* Begin PBXVariantGroup section */
		D4FB166D1E0A4A0C0063C0D9 /* Main.storyboard */ = {
			isa = PBXVariantGroup;
			children = (
				D4FB166E1E0A4A0C0063C0D9 /* Base */,
			);
			name = Main.storyboard;
			sourceTree = "<group>";
		};
		D4FB16721E0A4A0C0063C0D9 /* LaunchScreen.storyboard */ = {
			isa = PBXVariantGroup;
			children = (
				D4FB16731E0A4A0C0063C0D9 /* Base */,
			);
			name = LaunchScreen.storyboard;
			sourceTree = "<group>";
		};
/* End PBXVariantGroup section */

/* Begin XCBuildConfiguration section */
		D4FB168C1E0A4A0C0063C0D9 /* Debug */ = {
			isa = XCBuildConfiguration;
			buildSettings = {
				ALWAYS_SEARCH_USER_PATHS = NO;
				CLANG_ANALYZER_NONNULL = YES;
				CLANG_CXX_LANGUAGE_STANDARD = "gnu++0x";
				CLANG_CXX_LIBRARY = "libc++";
				CLANG_ENABLE_MODULES = YES;
				CLANG_ENABLE_OBJC_ARC = YES;
				CLANG_WARN_BOOL_CONVERSION = YES;
				CLANG_WARN_CONSTANT_CONVERSION = YES;
				CLANG_WARN_DIRECT_OBJC_ISA_USAGE = YES_ERROR;
				CLANG_WARN_DOCUMENTATION_COMMENTS = YES;
				CLANG_WARN_EMPTY_BODY = YES;
				CLANG_WARN_ENUM_CONVERSION = YES;
				CLANG_WARN_INFINITE_RECURSION = YES;
				CLANG_WARN_INT_CONVERSION = YES;
				CLANG_WARN_OBJC_ROOT_CLASS = YES_ERROR;
				CLANG_WARN_SUSPICIOUS_MOVE = YES;
				CLANG_WARN_UNREACHABLE_CODE = YES;
				CLANG_WARN__DUPLICATE_METHOD_MATCH = YES;
				"CODE_SIGN_IDENTITY[sdk=iphoneos*]" = "iPhone Developer";
				COPY_PHASE_STRIP = NO;
				DEBUG_INFORMATION_FORMAT = dwarf;
				ENABLE_STRICT_OBJC_MSGSEND = YES;
				ENABLE_TESTABILITY = YES;
				GCC_C_LANGUAGE_STANDARD = gnu99;
				GCC_DYNAMIC_NO_PIC = NO;
				GCC_NO_COMMON_BLOCKS = YES;
				GCC_OPTIMIZATION_LEVEL = 0;
				GCC_PREPROCESSOR_DEFINITIONS = (
					"DEBUG=1",
					"$(inherited)",
				);
				GCC_WARN_64_TO_32_BIT_CONVERSION = YES;
				GCC_WARN_ABOUT_RETURN_TYPE = YES_ERROR;
				GCC_WARN_UNDECLARED_SELECTOR = YES;
				GCC_WARN_UNINITIALIZED_AUTOS = YES_AGGRESSIVE;
				GCC_WARN_UNUSED_FUNCTION = YES;
				GCC_WARN_UNUSED_VARIABLE = YES;
				IPHONEOS_DEPLOYMENT_TARGET = 10.2;
				MTL_ENABLE_DEBUG_INFO = YES;
				ONLY_ACTIVE_ARCH = YES;
				SDKROOT = iphoneos;
				SWIFT_ACTIVE_COMPILATION_CONDITIONS = DEBUG;
				SWIFT_OPTIMIZATION_LEVEL = "-Onone";
				TARGETED_DEVICE_FAMILY = "1,2";
			};
			name = Debug;
		};
		D4FB168D1E0A4A0C0063C0D9 /* Release */ = {
			isa = XCBuildConfiguration;
			buildSettings = {
				ALWAYS_SEARCH_USER_PATHS = NO;
				CLANG_ANALYZER_NONNULL = YES;
				CLANG_CXX_LANGUAGE_STANDARD = "gnu++0x";
				CLANG_CXX_LIBRARY = "libc++";
				CLANG_ENABLE_MODULES = YES;
				CLANG_ENABLE_OBJC_ARC = YES;
				CLANG_WARN_BOOL_CONVERSION = YES;
				CLANG_WARN_CONSTANT_CONVERSION = YES;
				CLANG_WARN_DIRECT_OBJC_ISA_USAGE = YES_ERROR;
				CLANG_WARN_DOCUMENTATION_COMMENTS = YES;
				CLANG_WARN_EMPTY_BODY = YES;
				CLANG_WARN_ENUM_CONVERSION = YES;
				CLANG_WARN_INFINITE_RECURSION = YES;
				CLANG_WARN_INT_CONVERSION = YES;
				CLANG_WARN_OBJC_ROOT_CLASS = YES_ERROR;
				CLANG_WARN_SUSPICIOUS_MOVE = YES;
				CLANG_WARN_UNREACHABLE_CODE = YES;
				CLANG_WARN__DUPLICATE_METHOD_MATCH = YES;
				"CODE_SIGN_IDENTITY[sdk=iphoneos*]" = "iPhone Developer";
				COPY_PHASE_STRIP = NO;
				DEBUG_INFORMATION_FORMAT = "dwarf-with-dsym";
				ENABLE_NS_ASSERTIONS = NO;
				ENABLE_STRICT_OBJC_MSGSEND = YES;
				GCC_C_LANGUAGE_STANDARD = gnu99;
				GCC_NO_COMMON_BLOCKS = YES;
				GCC_WARN_64_TO_32_BIT_CONVERSION = YES;
				GCC_WARN_ABOUT_RETURN_TYPE = YES_ERROR;
				GCC_WARN_UNDECLARED_SELECTOR = YES;
				GCC_WARN_UNINITIALIZED_AUTOS = YES_AGGRESSIVE;
				GCC_WARN_UNUSED_FUNCTION = YES;
				GCC_WARN_UNUSED_VARIABLE = YES;
				IPHONEOS_DEPLOYMENT_TARGET = 10.2;
				MTL_ENABLE_DEBUG_INFO = NO;
				SDKROOT = iphoneos;
				SWIFT_OPTIMIZATION_LEVEL = "-Owholemodule";
				TARGETED_DEVICE_FAMILY = "1,2";
				VALIDATE_PRODUCT = YES;
			};
			name = Release;
		};
		D4FB168F1E0A4A0C0063C0D9 /* Debug */ = {
			isa = XCBuildConfiguration;
			baseConfigurationReference = FC640424703E9C4CB139B039 /* Pods-MTGMatch.debug.xcconfig */;
			buildSettings = {
				ASSETCATALOG_COMPILER_APPICON_NAME = AppIcon;
				DEVELOPMENT_TEAM = 6CXWGDP7G9;
				INFOPLIST_FILE = MTGMatch/Info.plist;
				LD_RUNPATH_SEARCH_PATHS = "$(inherited) @executable_path/Frameworks";
				PRODUCT_BUNDLE_IDENTIFIER = com.blensink.MTGMatch;
				PRODUCT_NAME = "$(TARGET_NAME)";
				SWIFT_VERSION = 3.0;
			};
			name = Debug;
		};
		D4FB16901E0A4A0C0063C0D9 /* Release */ = {
			isa = XCBuildConfiguration;
			baseConfigurationReference = F377E507CB35D802DDC6B2C5 /* Pods-MTGMatch.release.xcconfig */;
			buildSettings = {
				ASSETCATALOG_COMPILER_APPICON_NAME = AppIcon;
				DEVELOPMENT_TEAM = 6CXWGDP7G9;
				INFOPLIST_FILE = MTGMatch/Info.plist;
				LD_RUNPATH_SEARCH_PATHS = "$(inherited) @executable_path/Frameworks";
				PRODUCT_BUNDLE_IDENTIFIER = com.blensink.MTGMatch;
				PRODUCT_NAME = "$(TARGET_NAME)";
				SWIFT_VERSION = 3.0;
			};
			name = Release;
		};
		D4FB16921E0A4A0C0063C0D9 /* Debug */ = {
			isa = XCBuildConfiguration;
			baseConfigurationReference = 9707527D699CF0FFEAF3DD35 /* Pods-MTGMatchTests.debug.xcconfig */;
			buildSettings = {
				ALWAYS_EMBED_SWIFT_STANDARD_LIBRARIES = YES;
				BUNDLE_LOADER = "$(TEST_HOST)";
				DEVELOPMENT_TEAM = 6CXWGDP7G9;
				INFOPLIST_FILE = MTGMatchTests/Info.plist;
				LD_RUNPATH_SEARCH_PATHS = "$(inherited) @executable_path/Frameworks @loader_path/Frameworks";
				PRODUCT_BUNDLE_IDENTIFIER = com.blensink.MTGMatchTests;
				PRODUCT_NAME = "$(TARGET_NAME)";
				SWIFT_VERSION = 3.0;
				TEST_HOST = "$(BUILT_PRODUCTS_DIR)/MTGMatch.app/MTGMatch";
			};
			name = Debug;
		};
		D4FB16931E0A4A0C0063C0D9 /* Release */ = {
			isa = XCBuildConfiguration;
			baseConfigurationReference = 2F92CDEEB594CB8BBFCD34CC /* Pods-MTGMatchTests.release.xcconfig */;
			buildSettings = {
				ALWAYS_EMBED_SWIFT_STANDARD_LIBRARIES = YES;
				BUNDLE_LOADER = "$(TEST_HOST)";
				DEVELOPMENT_TEAM = 6CXWGDP7G9;
				INFOPLIST_FILE = MTGMatchTests/Info.plist;
				LD_RUNPATH_SEARCH_PATHS = "$(inherited) @executable_path/Frameworks @loader_path/Frameworks";
				PRODUCT_BUNDLE_IDENTIFIER = com.blensink.MTGMatchTests;
				PRODUCT_NAME = "$(TARGET_NAME)";
				SWIFT_VERSION = 3.0;
				TEST_HOST = "$(BUILT_PRODUCTS_DIR)/MTGMatch.app/MTGMatch";
			};
			name = Release;
		};
		D4FB16951E0A4A0C0063C0D9 /* Debug */ = {
			isa = XCBuildConfiguration;
			baseConfigurationReference = EF4B8B4D56F3C82EB09CBD5F /* Pods-MTGMatchUITests.debug.xcconfig */;
			buildSettings = {
				ALWAYS_EMBED_SWIFT_STANDARD_LIBRARIES = YES;
				DEVELOPMENT_TEAM = 6CXWGDP7G9;
				INFOPLIST_FILE = MTGMatchUITests/Info.plist;
				LD_RUNPATH_SEARCH_PATHS = "$(inherited) @executable_path/Frameworks @loader_path/Frameworks";
				PRODUCT_BUNDLE_IDENTIFIER = com.blensink.MTGMatchUITests;
				PRODUCT_NAME = "$(TARGET_NAME)";
				SWIFT_VERSION = 3.0;
				TEST_TARGET_NAME = MTGMatch;
			};
			name = Debug;
		};
		D4FB16961E0A4A0C0063C0D9 /* Release */ = {
			isa = XCBuildConfiguration;
			baseConfigurationReference = 5B6ED87710DCD94F60313910 /* Pods-MTGMatchUITests.release.xcconfig */;
			buildSettings = {
				ALWAYS_EMBED_SWIFT_STANDARD_LIBRARIES = YES;
				DEVELOPMENT_TEAM = 6CXWGDP7G9;
				INFOPLIST_FILE = MTGMatchUITests/Info.plist;
				LD_RUNPATH_SEARCH_PATHS = "$(inherited) @executable_path/Frameworks @loader_path/Frameworks";
				PRODUCT_BUNDLE_IDENTIFIER = com.blensink.MTGMatchUITests;
				PRODUCT_NAME = "$(TARGET_NAME)";
				SWIFT_VERSION = 3.0;
				TEST_TARGET_NAME = MTGMatch;
			};
			name = Release;
		};
/* End XCBuildConfiguration section */

/* Begin XCConfigurationList section */
		D4FB16611E0A4A0B0063C0D9 /* Build configuration list for PBXProject "MTGMatch" */ = {
			isa = XCConfigurationList;
			buildConfigurations = (
				D4FB168C1E0A4A0C0063C0D9 /* Debug */,
				D4FB168D1E0A4A0C0063C0D9 /* Release */,
			);
			defaultConfigurationIsVisible = 0;
			defaultConfigurationName = Release;
		};
		D4FB168E1E0A4A0C0063C0D9 /* Build configuration list for PBXNativeTarget "MTGMatch" */ = {
			isa = XCConfigurationList;
			buildConfigurations = (
				D4FB168F1E0A4A0C0063C0D9 /* Debug */,
				D4FB16901E0A4A0C0063C0D9 /* Release */,
			);
			defaultConfigurationIsVisible = 0;
			defaultConfigurationName = Release;
		};
		D4FB16911E0A4A0C0063C0D9 /* Build configuration list for PBXNativeTarget "MTGMatchTests" */ = {
			isa = XCConfigurationList;
			buildConfigurations = (
				D4FB16921E0A4A0C0063C0D9 /* Debug */,
				D4FB16931E0A4A0C0063C0D9 /* Release */,
			);
			defaultConfigurationIsVisible = 0;
			defaultConfigurationName = Release;
		};
		D4FB16941E0A4A0C0063C0D9 /* Build configuration list for PBXNativeTarget "MTGMatchUITests" */ = {
			isa = XCConfigurationList;
			buildConfigurations = (
				D4FB16951E0A4A0C0063C0D9 /* Debug */,
				D4FB16961E0A4A0C0063C0D9 /* Release */,
			);
			defaultConfigurationIsVisible = 0;
			defaultConfigurationName = Release;
		};
/* End XCConfigurationList section */
	};
	rootObject = D4FB165E1E0A4A0B0063C0D9 /* Project object */;
}
